
Microsoft Visual Studio Solution File, Format Version 12.00
# Visual Studio Version 17
VisualStudioVersion = 17.0.31919.166
MinimumVisualStudioVersion = 10.0.40219.1
Project("{FAE04EC0-301F-11D3-BF4B-00C04F79EFBC}") = "Autoservice", "Autoservice.csproj", "{57C797F5-B3F1-4825-8B45-12EFFDADAFC2}"
EndProject
Global
	GlobalSection(SolutionConfigurationPlatforms) = preSolution
		Debug|Any CPU = Debug|Any CPU
		Release|Any CPU = Release|Any CPU
	EndGlobalSection
	GlobalSection(ProjectConfigurationPlatforms) = postSolution
		{57C797F5-B3F1-4825-8B45-12EFFDADAFC2}.Debug|Any CPU.ActiveCfg = Debug|Any CPU
		{57C797F5-B3F1-4825-8B45-12EFFDADAFC2}.Debug|Any CPU.Build.0 = Debug|Any CPU
		{57C797F5-B3F1-4825-8B45-12EFFDADAFC2}.Release|Any CPU.ActiveCfg = Release|Any CPU
		{57C797F5-B3F1-4825-8B45-12EFFDADAFC2}.Release|Any CPU.Build.0 = Release|Any CPU
	EndGlobalSection
	GlobalSection(SolutionProperties) = preSolution
		HideSolutionNode = FALSE
	EndGlobalSection
	GlobalSection(ExtensibilityGlobals) = postSolution
		SolutionGuid = {78276C67-FFD6-4247-9691-54BA235023B6}
	EndGlobalSection
EndGlobal
